
Microsoft Visual Studio Solution File, Format Version 12.00
# Visual Studio 2013
VisualStudioVersion = 12.0.30110.0
MinimumVisualStudioVersion = 10.0.40219.1
Project("{FAE04EC0-301F-11D3-BF4B-00C04F79EFBC}") = "ContinuousDeploymentWebAppProj", "ContinuousDeploymentWebAppProj\ContinuousDeploymentWebAppProj.csproj", "{2509E096-98FB-4916-AA63-DC6C46DF1F26}"
EndProject
Project("{FAE04EC0-301F-11D3-BF4B-00C04F79EFBC}") = "ContinuousDeploymentWebAppProj.Tests", "ContinuousDeploymentWebAppProj.Tests\ContinuousDeploymentWebAppProj.Tests.csproj", "{88260C25-87A2-4F38-B958-B30F5033F909}"
EndProject
Project("{2150E333-8FDC-42A3-9474-1A3956D46DE8}") = ".nuget", ".nuget", "{764AB726-8911-459D-B0E8-1E482149914A}"
	ProjectSection(SolutionItems) = preProject
		.nuget\NuGet.Config = .nuget\NuGet.Config
		.nuget\NuGet.exe = .nuget\NuGet.exe
		.nuget\NuGet.targets = .nuget\NuGet.targets
	EndProjectSection
EndProject
Global
	GlobalSection(SolutionConfigurationPlatforms) = preSolution
		Debug|Any CPU = Debug|Any CPU
		Release|Any CPU = Release|Any CPU
	EndGlobalSection
	GlobalSection(ProjectConfigurationPlatforms) = postSolution
		{2509E096-98FB-4916-AA63-DC6C46DF1F26}.Debug|Any CPU.ActiveCfg = Debug|Any CPU
		{2509E096-98FB-4916-AA63-DC6C46DF1F26}.Debug|Any CPU.Build.0 = Debug|Any CPU
		{2509E096-98FB-4916-AA63-DC6C46DF1F26}.Release|Any CPU.ActiveCfg = Release|Any CPU
		{2509E096-98FB-4916-AA63-DC6C46DF1F26}.Release|Any CPU.Build.0 = Release|Any CPU
		{88260C25-87A2-4F38-B958-B30F5033F909}.Debug|Any CPU.ActiveCfg = Debug|Any CPU
		{88260C25-87A2-4F38-B958-B30F5033F909}.Debug|Any CPU.Build.0 = Debug|Any CPU
		{88260C25-87A2-4F38-B958-B30F5033F909}.Release|Any CPU.ActiveCfg = Release|Any CPU
		{88260C25-87A2-4F38-B958-B30F5033F909}.Release|Any CPU.Build.0 = Release|Any CPU
	EndGlobalSection
	GlobalSection(SolutionProperties) = preSolution
		HideSolutionNode = FALSE
	EndGlobalSection
EndGlobal
